{
    "name": "nodecalc",
    "version": "0.0.1",
    "lockfileVersion": 2,
    "requires": true,
    "packages": {
        "": {
            "name": "nodecalc",
            "version": "0.0.1",
            "dependencies": {
                "nodecalc": "^0.0.1"
            },
            "devDependencies": {},
            "engines": {
                "node": "*"
            }
        },
        "node_modules/nodecalc": {
            "version": "0.0.1",
            "resolved": "https://registry.npmjs.org/nodecalc/-/nodecalc-0.0.1.tgz",
            "integrity": "sha1-Vp72ywSDfS5ebLKsGxuJnolfRhI=",
            "engines": {
                "node": "*"
            }
        }
    },
    "dependencies": {
        "nodecalc": {
            "version": "0.0.1",
            "resolved": "https://registry.npmjs.org/nodecalc/-/nodecalc-0.0.1.tgz",
            "integrity": "sha1-Vp72ywSDfS5ebLKsGxuJnolfRhI="
        }
    }
}
